
Microsoft Visual Studio Solution File, Format Version 12.00
# Visual Studio 15
VisualStudioVersion = 15.0.26730.16
MinimumVisualStudioVersion = 10.0.40219.1
Project("{9A19103F-16F7-4668-BE54-9A1E7A4F7556}") = "Server", "Server\Server.csproj", "{66BAD052-E60C-4419-946C-AEA98B9C9A31}"
EndProject
Project("{E24C65DC-7377-472B-9ABA-BC803B73C61A}") = "client", "client\", "{A2A1AE2D-E5E5-4579-B956-2E6D7DFF5809}"
	ProjectSection(WebsiteProperties) = preProject
		TargetFrameworkMoniker = ".NETFramework,Version%3Dv4.0"
		Debug.AspNetCompiler.VirtualPath = "/localhost_8111"
		Debug.AspNetCompiler.PhysicalPath = "client\"
		Debug.AspNetCompiler.TargetPath = "PrecompiledWeb\localhost_8111\"
		Debug.AspNetCompiler.Updateable = "true"
		Debug.AspNetCompiler.ForceOverwrite = "true"
		Debug.AspNetCompiler.FixedNames = "false"
		Debug.AspNetCompiler.Debug = "True"
		Release.AspNetCompiler.VirtualPath = "/localhost_8111"
		Release.AspNetCompiler.PhysicalPath = "client\"
		Release.AspNetCompiler.TargetPath = "PrecompiledWeb\localhost_8111\"
		Release.AspNetCompiler.Updateable = "true"
		Release.AspNetCompiler.ForceOverwrite = "true"
		Release.AspNetCompiler.FixedNames = "false"
		Release.AspNetCompiler.Debug = "False"
		VWDPort = "8111"
		SlnRelativePath = "client\"
	EndProjectSection
EndProject
Global
	GlobalSection(SolutionConfigurationPlatforms) = preSolution
		Debug|Any CPU = Debug|Any CPU
		Release|Any CPU = Release|Any CPU
	EndGlobalSection
	GlobalSection(ProjectConfigurationPlatforms) = postSolution
		{66BAD052-E60C-4419-946C-AEA98B9C9A31}.Debug|Any CPU.ActiveCfg = Debug|Any CPU
		{66BAD052-E60C-4419-946C-AEA98B9C9A31}.Debug|Any CPU.Build.0 = Debug|Any CPU
		{66BAD052-E60C-4419-946C-AEA98B9C9A31}.Release|Any CPU.ActiveCfg = Release|Any CPU
		{66BAD052-E60C-4419-946C-AEA98B9C9A31}.Release|Any CPU.Build.0 = Release|Any CPU
		{A2A1AE2D-E5E5-4579-B956-2E6D7DFF5809}.Debug|Any CPU.ActiveCfg = Debug|Any CPU
		{A2A1AE2D-E5E5-4579-B956-2E6D7DFF5809}.Debug|Any CPU.Build.0 = Debug|Any CPU
		{A2A1AE2D-E5E5-4579-B956-2E6D7DFF5809}.Release|Any CPU.ActiveCfg = Debug|Any CPU
		{A2A1AE2D-E5E5-4579-B956-2E6D7DFF5809}.Release|Any CPU.Build.0 = Debug|Any CPU
	EndGlobalSection
	GlobalSection(SolutionProperties) = preSolution
		HideSolutionNode = FALSE
	EndGlobalSection
	GlobalSection(ExtensibilityGlobals) = postSolution
		SolutionGuid = {8BFAFF2B-C557-491B-9757-3986F5611065}
	EndGlobalSection
EndGlobal
